
Microsoft Visual Studio Solution File, Format Version 12.00
# Visual Studio Version 16
VisualStudioVersion = 16.0.29728.190
MinimumVisualStudioVersion = 10.0.40219.1
Project("{FAE04EC0-301F-11D3-BF4B-00C04F79EFBC}") = "TicTacToe", "TicTacToe.csproj", "{516501AF-42E5-4027-922B-8C7EC025BD77}"
EndProject
Global
	GlobalSection(SolutionConfigurationPlatforms) = preSolution
		Debug|Any CPU = Debug|Any CPU
		Release|Any CPU = Release|Any CPU
	EndGlobalSection
	GlobalSection(ProjectConfigurationPlatforms) = postSolution
		{516501AF-42E5-4027-922B-8C7EC025BD77}.Debug|Any CPU.ActiveCfg = Debug|Any CPU
		{516501AF-42E5-4027-922B-8C7EC025BD77}.Debug|Any CPU.Build.0 = Debug|Any CPU
		{516501AF-42E5-4027-922B-8C7EC025BD77}.Release|Any CPU.ActiveCfg = Release|Any CPU
		{516501AF-42E5-4027-922B-8C7EC025BD77}.Release|Any CPU.Build.0 = Release|Any CPU
	EndGlobalSection
	GlobalSection(SolutionProperties) = preSolution
		HideSolutionNode = FALSE
	EndGlobalSection
	GlobalSection(ExtensibilityGlobals) = postSolution
		SolutionGuid = {D003E42B-4644-406F-AB22-099533BB40BB}
	EndGlobalSection
EndGlobal
